# This file is autogenerated, do not edit; changes may be undone by the next 'dep ensure'.


[[projects]]
  branch = "master"
  digest = "1:e648389fd795e80783fb382616d5b2b8bab09e3703cc673231d8ff721f40a6ef"
  name = "github.com/derekparker/trie"
  packages = ["."]
  pruneopts = "UT"
  revision = "e608c2733dc704cd4a73f825f4acab8f3c3d4d15"

[[projects]]
  branch = "master"
  digest = "1:20e20cb5c80196d05aad3b25090cf710f7dd4a4119ef637cd3d642b4d2b6e139"
  name = "github.com/fofanov/go-osgb"
  packages = [
    ".",
    "internal/data",
  ]
  pruneopts = "UT"
  revision = "6893d1f95cd92d3ec826d5d587f0478e189651ef"

[solve-meta]
  analyzer-name = "dep"
  analyzer-version = 1
  input-imports = [
    "github.com/derekparker/trie",
    "github.com/fofanov/go-osgb",
  ]
  solver-name = "gps-cdcl"
  solver-version = 1
